
Microsoft Visual Studio Solution File, Format Version 12.00
# Visual Studio Version 16
VisualStudioVersion = 16.0.30114.105
MinimumVisualStudioVersion = 10.0.40219.1
Project("{FAE04EC0-301F-11D3-BF4B-00C04F79EFBC}") = "StudentApp.Core", "StudentApp.Core\StudentApp.Core.csproj", "{B38AB18F-2ACF-4E78-83CC-49FA4F5B089B}"
EndProject
Project("{FAE04EC0-301F-11D3-BF4B-00C04F79EFBC}") = "StudentApp.Tests", "StudentApp.Tests\StudentApp.Tests.csproj", "{471DE9C1-54A4-4EB5-BCFA-101028BD9439}"
EndProject
Global
	GlobalSection(SolutionConfigurationPlatforms) = preSolution
		Debug|Any CPU = Debug|Any CPU
		Release|Any CPU = Release|Any CPU
	EndGlobalSection
	GlobalSection(SolutionProperties) = preSolution
		HideSolutionNode = FALSE
	EndGlobalSection
	GlobalSection(ProjectConfigurationPlatforms) = postSolution
		{B38AB18F-2ACF-4E78-83CC-49FA4F5B089B}.Debug|Any CPU.ActiveCfg = Debug|Any CPU
		{B38AB18F-2ACF-4E78-83CC-49FA4F5B089B}.Debug|Any CPU.Build.0 = Debug|Any CPU
		{B38AB18F-2ACF-4E78-83CC-49FA4F5B089B}.Release|Any CPU.ActiveCfg = Release|Any CPU
		{B38AB18F-2ACF-4E78-83CC-49FA4F5B089B}.Release|Any CPU.Build.0 = Release|Any CPU
		{471DE9C1-54A4-4EB5-BCFA-101028BD9439}.Debug|Any CPU.ActiveCfg = Debug|Any CPU
		{471DE9C1-54A4-4EB5-BCFA-101028BD9439}.Debug|Any CPU.Build.0 = Debug|Any CPU
		{471DE9C1-54A4-4EB5-BCFA-101028BD9439}.Release|Any CPU.ActiveCfg = Release|Any CPU
		{471DE9C1-54A4-4EB5-BCFA-101028BD9439}.Release|Any CPU.Build.0 = Release|Any CPU
	EndGlobalSection
EndGlobal
